
Microsoft Visual Studio Solution File, Format Version 12.00
# Visual Studio 15
VisualStudioVersion = 15.0.27703.2047
MinimumVisualStudioVersion = 10.0.40219.1
Project("{9A19103F-16F7-4668-BE54-9A1E7A4F7556}") = "TakeRecipeEasily.Api", "TakeRecipeEasily.Api\TakeRecipeEasily.Api.csproj", "{11D8DC29-F83D-41F3-84F7-BE39E82ED198}"
EndProject
Project("{9A19103F-16F7-4668-BE54-9A1E7A4F7556}") = "TakeRecipeEasily.Core", "TakeRecipeEasily.Core\TakeRecipeEasily.Core.csproj", "{0EA25B7D-2808-4053-96C7-6C9A3374ED0F}"
EndProject
Project("{9A19103F-16F7-4668-BE54-9A1E7A4F7556}") = "TakeRecipeEasily.Infrastructure", "TakeRecipeEasily.Infrastructure\TakeRecipeEasily.Infrastructure.csproj", "{B2DE0981-C3A3-4F6F-8C16-DCA46187A7C9}"
EndProject
Project("{FAE04EC0-301F-11D3-BF4B-00C04F79EFBC}") = "TakeRecipeEasily.DBFiller", "TakeRecipeEasily.DBFiller\TakeRecipeEasily.DBFiller.csproj", "{B0C09472-456C-4AFA-9D50-06CF460BED6F}"
EndProject
Global
	GlobalSection(SolutionConfigurationPlatforms) = preSolution
		Debug|Any CPU = Debug|Any CPU
		Release|Any CPU = Release|Any CPU
	EndGlobalSection
	GlobalSection(ProjectConfigurationPlatforms) = postSolution
		{11D8DC29-F83D-41F3-84F7-BE39E82ED198}.Debug|Any CPU.ActiveCfg = Debug|Any CPU
		{11D8DC29-F83D-41F3-84F7-BE39E82ED198}.Debug|Any CPU.Build.0 = Debug|Any CPU
		{11D8DC29-F83D-41F3-84F7-BE39E82ED198}.Release|Any CPU.ActiveCfg = Release|Any CPU
		{11D8DC29-F83D-41F3-84F7-BE39E82ED198}.Release|Any CPU.Build.0 = Release|Any CPU
		{0EA25B7D-2808-4053-96C7-6C9A3374ED0F}.Debug|Any CPU.ActiveCfg = Debug|Any CPU
		{0EA25B7D-2808-4053-96C7-6C9A3374ED0F}.Debug|Any CPU.Build.0 = Debug|Any CPU
		{0EA25B7D-2808-4053-96C7-6C9A3374ED0F}.Release|Any CPU.ActiveCfg = Release|Any CPU
		{0EA25B7D-2808-4053-96C7-6C9A3374ED0F}.Release|Any CPU.Build.0 = Release|Any CPU
		{B2DE0981-C3A3-4F6F-8C16-DCA46187A7C9}.Debug|Any CPU.ActiveCfg = Debug|Any CPU
		{B2DE0981-C3A3-4F6F-8C16-DCA46187A7C9}.Debug|Any CPU.Build.0 = Debug|Any CPU
		{B2DE0981-C3A3-4F6F-8C16-DCA46187A7C9}.Release|Any CPU.ActiveCfg = Release|Any CPU
		{B2DE0981-C3A3-4F6F-8C16-DCA46187A7C9}.Release|Any CPU.Build.0 = Release|Any CPU
		{B0C09472-456C-4AFA-9D50-06CF460BED6F}.Debug|Any CPU.ActiveCfg = Debug|Any CPU
		{B0C09472-456C-4AFA-9D50-06CF460BED6F}.Debug|Any CPU.Build.0 = Debug|Any CPU
		{B0C09472-456C-4AFA-9D50-06CF460BED6F}.Release|Any CPU.ActiveCfg = Release|Any CPU
		{B0C09472-456C-4AFA-9D50-06CF460BED6F}.Release|Any CPU.Build.0 = Release|Any CPU
	EndGlobalSection
	GlobalSection(SolutionProperties) = preSolution
		HideSolutionNode = FALSE
	EndGlobalSection
	GlobalSection(ExtensibilityGlobals) = postSolution
		SolutionGuid = {472DE696-731F-4AAA-8C18-D8F71620468F}
	EndGlobalSection
EndGlobal
